
Microsoft Visual Studio Solution File, Format Version 12.00
# Visual Studio Version 17
VisualStudioVersion = 17.0.31903.59
MinimumVisualStudioVersion = 10.0.40219.1
Project("{2150E333-8FDC-42A3-9474-1A3956D46DE8}") = "src", "src", "{F55C7207-E00C-4DF6-9770-63A018C170FA}"
EndProject
Project("{FAE04EC0-301F-11D3-BF4B-00C04F79EFBC}") = "Tethys.Data", "src\Tethys.Data\Tethys.Data.csproj", "{8F3108E7-6E63-4AAE-A60F-4C7ABD79F927}"
EndProject
Project("{FAE04EC0-301F-11D3-BF4B-00C04F79EFBC}") = "Tethys.Models", "src\Tethys.Models\Tethys.Models.csproj", "{C0511988-6E35-4484-AB85-B67B5043D5FF}"
EndProject
Global
	GlobalSection(SolutionConfigurationPlatforms) = preSolution
		Debug|Any CPU = Debug|Any CPU
		Release|Any CPU = Release|Any CPU
	EndGlobalSection
	GlobalSection(SolutionProperties) = preSolution
		HideSolutionNode = FALSE
	EndGlobalSection
	GlobalSection(ProjectConfigurationPlatforms) = postSolution
		{8F3108E7-6E63-4AAE-A60F-4C7ABD79F927}.Debug|Any CPU.ActiveCfg = Debug|Any CPU
		{8F3108E7-6E63-4AAE-A60F-4C7ABD79F927}.Debug|Any CPU.Build.0 = Debug|Any CPU
		{8F3108E7-6E63-4AAE-A60F-4C7ABD79F927}.Release|Any CPU.ActiveCfg = Release|Any CPU
		{8F3108E7-6E63-4AAE-A60F-4C7ABD79F927}.Release|Any CPU.Build.0 = Release|Any CPU
		{C0511988-6E35-4484-AB85-B67B5043D5FF}.Debug|Any CPU.ActiveCfg = Debug|Any CPU
		{C0511988-6E35-4484-AB85-B67B5043D5FF}.Debug|Any CPU.Build.0 = Debug|Any CPU
		{C0511988-6E35-4484-AB85-B67B5043D5FF}.Release|Any CPU.ActiveCfg = Release|Any CPU
		{C0511988-6E35-4484-AB85-B67B5043D5FF}.Release|Any CPU.Build.0 = Release|Any CPU
	EndGlobalSection
	GlobalSection(NestedProjects) = preSolution
		{8F3108E7-6E63-4AAE-A60F-4C7ABD79F927} = {F55C7207-E00C-4DF6-9770-63A018C170FA}
		{C0511988-6E35-4484-AB85-B67B5043D5FF} = {F55C7207-E00C-4DF6-9770-63A018C170FA}
	EndGlobalSection
EndGlobal
